
Microsoft Visual Studio Solution File, Format Version 12.00
# Visual Studio Version 17
VisualStudioVersion = 17.4.33403.182
MinimumVisualStudioVersion = 10.0.40219.1
Project("{FAE04EC0-301F-11D3-BF4B-00C04F79EFBC}") = "Assignment 4", "Assignment 4.csproj", "{F92C1925-4A3B-4994-8FFC-ADE6B559F7E7}"
EndProject
Global
	GlobalSection(SolutionConfigurationPlatforms) = preSolution
		Debug|Any CPU = Debug|Any CPU
		Release|Any CPU = Release|Any CPU
	EndGlobalSection
	GlobalSection(ProjectConfigurationPlatforms) = postSolution
		{F92C1925-4A3B-4994-8FFC-ADE6B559F7E7}.Debug|Any CPU.ActiveCfg = Debug|Any CPU
		{F92C1925-4A3B-4994-8FFC-ADE6B559F7E7}.Debug|Any CPU.Build.0 = Debug|Any CPU
		{F92C1925-4A3B-4994-8FFC-ADE6B559F7E7}.Release|Any CPU.ActiveCfg = Release|Any CPU
		{F92C1925-4A3B-4994-8FFC-ADE6B559F7E7}.Release|Any CPU.Build.0 = Release|Any CPU
	EndGlobalSection
	GlobalSection(SolutionProperties) = preSolution
		HideSolutionNode = FALSE
	EndGlobalSection
	GlobalSection(ExtensibilityGlobals) = postSolution
		SolutionGuid = {2AF66874-CE03-476B-BF28-B61B979EA513}
	EndGlobalSection
EndGlobal
